
Microsoft Visual Studio Solution File, Format Version 12.00
# Visual Studio Version 17
VisualStudioVersion = 17.3.32922.545
MinimumVisualStudioVersion = 10.0.40219.1
Project("{FAE04EC0-301F-11D3-BF4B-00C04F79EFBC}") = "Sudoku-Server-Demo", "Sudoku-Server-Demo\Sudoku-Server-Demo.csproj", "{1CCA5B82-5165-4DC1-833E-68A7214A8872}"
EndProject
Global
	GlobalSection(SolutionConfigurationPlatforms) = preSolution
		Debug|Any CPU = Debug|Any CPU
		Release|Any CPU = Release|Any CPU
	EndGlobalSection
	GlobalSection(ProjectConfigurationPlatforms) = postSolution
		{1CCA5B82-5165-4DC1-833E-68A7214A8872}.Debug|Any CPU.ActiveCfg = Debug|Any CPU
		{1CCA5B82-5165-4DC1-833E-68A7214A8872}.Debug|Any CPU.Build.0 = Debug|Any CPU
		{1CCA5B82-5165-4DC1-833E-68A7214A8872}.Release|Any CPU.ActiveCfg = Release|Any CPU
		{1CCA5B82-5165-4DC1-833E-68A7214A8872}.Release|Any CPU.Build.0 = Release|Any CPU
	EndGlobalSection
	GlobalSection(SolutionProperties) = preSolution
		HideSolutionNode = FALSE
	EndGlobalSection
	GlobalSection(ExtensibilityGlobals) = postSolution
		SolutionGuid = {2216C97D-41C2-4671-9381-6E8713E53694}
	EndGlobalSection
EndGlobal
